{
  "version": "5",
  "specifiers": {
    "npm:@supabase/supabase-js@2": "2.108.2",
    "npm:@supabase/supabase-js@^2.108.2": "2.108.2"
  },
  "npm": {
    "@supabase/auth-js@2.108.2": {
      "integrity": "sha512-tNaQmBgodDZwgB40mRwVbxFy8IDYwjdpcZ0BYrWiwlULCSQoJj4QoG4zgJT7QRPXcqipefNOzvO/qAu4dF98ag==",
      "dependencies": [
        "tslib"
      ]
    },
    "@supabase/functions-js@2.108.2": {
      "integrity": "sha512-RNUX8EiBy3iLwAX19jtRzLyePnl11/fHcgwDHLnpKcDSXt/5qBnh3LUwAtIjT21Q66QsmNUR2esrHziLCpNubw==",
      "dependencies": [
        "tslib"
      ]
    },
    "@supabase/phoenix@0.4.2": {
      "integrity": "sha512-YSAGnmDAfuleFCVt3CeurQZAhxRfXWeZIIkwp7NhYzQ1UwW6ePSnzsFAiUm/mbCkfoCf70QQHKW/K6RKh52a4A=="
    },
    "@supabase/postgrest-js@2.108.2": {
      "integrity": "sha512-GQ28/Y8hk3CFmkb3kXH1h/AQx6JIYSQfO0CJMRVBcEKZoNy6C45cXAZ4fcJvRC5Id0cs6xnkUV0+c0rIocigsw==",
      "dependencies": [
        "tslib"
      ]
    },
    "@supabase/realtime-js@2.108.2": {
      "integrity": "sha512-aAGxCSUemZvQIibnCdvNvgaKib28I4rfrNjKbQ9cG1uBLwUsI7hVpGXgEbypCCDhLjQlDTAiJlu7rgljYUT73g==",
      "dependencies": [
        "@supabase/phoenix",
        "tslib"
      ]
    },
    "@supabase/storage-js@2.108.2": {
      "integrity": "sha512-TVZPQxXGxY2+A6yTtm77zUHsh70lBhYUEaJL8RQC+BghcX/ygiMG/rmXrNVBce30/WAeNPa8FiG8HbqlGeV05g==",
      "dependencies": [
        "iceberg-js",
        "tslib"
      ]
    },
    "@supabase/supabase-js@2.108.2": {
      "integrity": "sha512-hFhnPveb5JQg4a0QYicM0swT253YHMdfeRAl2BKHOlI5VAzuHxUGSr8RbwNLYNPauWOgQMS1H8sz8bvYlgwUfQ==",
      "dependencies": [
        "@supabase/auth-js",
        "@supabase/functions-js",
        "@supabase/postgrest-js",
        "@supabase/realtime-js",
        "@supabase/storage-js"
      ]
    },
    "iceberg-js@0.8.1": {
      "integrity": "sha512-1dhVQZXhcHje7798IVM+xoo/1ZdVfzOMIc8/rgVSijRK38EDqOJoGula9N/8ZI5RD8QTxNQtK/Gozpr+qUqRRA=="
    },
    "tslib@2.8.1": {
      "integrity": "sha512-oJFu94HQb+KVduSUQL7wnpmqnfmLsOA/nAh6b6EH0wCEoK0/mPeXU6c3wKDV83MkOuHPRHtSXKKU99IBazS/2w=="
    }
  },
  "redirects": {
    "https://esm.sh/@supabase/phoenix@^0.4.2?target=denonext": "https://esm.sh/@supabase/phoenix@0.4.2?target=denonext",
    "https://esm.sh/@supabase/supabase-js@2": "https://esm.sh/@supabase/supabase-js@2.108.1",
    "https://esm.sh/iceberg-js@^0.8.1?target=denonext": "https://esm.sh/iceberg-js@0.8.1?target=denonext"
  },
  "remote": {
    "https://deno.land/std@0.168.0/async/abortable.ts": "80b2ac399f142cc528f95a037a7d0e653296352d95c681e284533765961de409",
    "https://deno.land/std@0.168.0/async/deadline.ts": "2c2deb53c7c28ca1dda7a3ad81e70508b1ebc25db52559de6b8636c9278fd41f",
    "https://deno.land/std@0.168.0/async/debounce.ts": "60301ffb37e730cd2d6f9dadfd0ecb2a38857681bd7aaf6b0a106b06e5210a98",
    "https://deno.land/std@0.168.0/async/deferred.ts": "77d3f84255c3627f1cc88699d8472b664d7635990d5358c4351623e098e917d6",
    "https://deno.land/std@0.168.0/async/delay.ts": "5a9bfba8de38840308a7a33786a0155a7f6c1f7a859558ddcec5fe06e16daf57",
    "https://deno.land/std@0.168.0/async/mod.ts": "7809ad4bb223e40f5fdc043e5c7ca04e0e25eed35c32c3c32e28697c553fa6d9",
    "https://deno.land/std@0.168.0/async/mux_async_iterator.ts": "770a0ff26c59f8bbbda6b703a2235f04e379f73238e8d66a087edc68c2a2c35f",
    "https://deno.land/std@0.168.0/async/pool.ts": "6854d8cd675a74c73391c82005cbbe4cc58183bddcd1fbbd7c2bcda42b61cf69",
    "https://deno.land/std@0.168.0/async/retry.ts": "e8e5173623915bbc0ddc537698fa418cf875456c347eda1ed453528645b42e67",
    "https://deno.land/std@0.168.0/async/tee.ts": "3a47cc4e9a940904fd4341f0224907e199121c80b831faa5ec2b054c6d2eff5e",
    "https://deno.land/std@0.168.0/http/server.ts": "e99c1bee8a3f6571ee4cdeb2966efad465b8f6fe62bec1bdb59c1f007cc4d155",
    "https://esm.sh/@supabase/auth-js@2.108.1/denonext/auth-js.mjs": "7444f8b83853c22f4547fe8e385d3c1ff7b646ad07af0e268efc4a45c2b0767c",
    "https://esm.sh/@supabase/functions-js@2.108.1/denonext/functions-js.mjs": "8281d7c05253d84450217f5b76c0b2076705a5388429aa4b582c0aa6cd4c9d27",
    "https://esm.sh/@supabase/phoenix@0.4.2/denonext/phoenix.mjs": "8099a9b1277ec1776f0d0ae15e35be72b87b541a3f787b5477a11b546c8d62a9",
    "https://esm.sh/@supabase/phoenix@0.4.2?target=denonext": "0790ada96f524af71c1af9a3f01b5517bd6e90e9e7e22e4c5436b92bc1534e8d",
    "https://esm.sh/@supabase/postgrest-js@2.108.1/denonext/postgrest-js.mjs": "42cf937da414cda576171052c10ee7745ed6487089ecacff1da6db70d7bdb2bd",
    "https://esm.sh/@supabase/realtime-js@2.108.1/denonext/realtime-js.mjs": "8c41774cb45dd3fdfe2c9b2b0964f6e707db46e105d8137bf70c0048539c02d6",
    "https://esm.sh/@supabase/storage-js@2.108.1/denonext/storage-js.mjs": "890db0e0ae32c624688ea5c93015cad75a1bf6f62cb963683e9d00c7346f5d75",
    "https://esm.sh/@supabase/supabase-js@2.108.1": "fca0990662d240263b440bc055ea919312c0d27f7ab295e835e1644cf49200ce",
    "https://esm.sh/@supabase/supabase-js@2.108.1/denonext/supabase-js.mjs": "8a0b1a85c2aa73ef81dc9798508f1b8d7a980ea100bde88c9453fc90f1e1afc2",
    "https://esm.sh/iceberg-js@0.8.1/denonext/iceberg-js.mjs": "d839d81a2e3966500ca2cdd0c1cb458e9608bacfc91f7bb67a69b2e878dcdb4f",
    "https://esm.sh/iceberg-js@0.8.1?target=denonext": "58c849d7fe2bf4eca4a84eb501e83c161a7d8c34ca1bec15a962b3bec3062633",
    "https://esm.sh/tslib@2.8.1/denonext/tslib.mjs": "c38da5dd6da6281964435002ce204cd586634fe3bdfb24a0ee116f48cf3292e9"
  },
  "workspace": {
    "dependencies": [
      "npm:@supabase/supabase-js@2",
      "npm:@supabase/supabase-js@^2.108.2"
    ]
  }
}
